# THIS IS AN AUTOGENERATED FILE. DO NOT EDIT THIS FILE DIRECTLY.
# yarn lockfile v1


"@hapi/hoek@^9.0.0":
  "integrity" "sha512-i9YbZPN3QgfighY/1X1Pu118VUz2Fmmhd6b2n0/O8YVgGGfw0FbUYoA97k7FkpGJ+pLCFEDLUmAPPV4D1kpeFw=="
  "resolved" "https://registry.npmjs.org/@hapi/hoek/-/hoek-9.1.0.tgz"
  "version" "9.1.0"

"@hapi/topo@^5.0.0":
  "integrity" "sha512-tFJlT47db0kMqVm3H4nQYgn6Pwg10GTZHb1pwmSiv1K4ks6drQOtfEF5ZnPjkvC+y4/bUPHK+bc87QvLcL+WMw=="
  "resolved" "https://registry.npmjs.org/@hapi/topo/-/topo-5.0.0.tgz"
  "version" "5.0.0"
  dependencies:
    "@hapi/hoek" "^9.0.0"

"@sideway/address@^4.1.0":
  "integrity" "sha512-wAH/JYRXeIFQRsxerIuLjgUu2Xszam+O5xKeatJ4oudShOOirfmsQ1D6LL54XOU2tizpCYku+s1wmU0SYdpoSA=="
  "resolved" "https://registry.npmjs.org/@sideway/address/-/address-4.1.0.tgz"
  "version" "4.1.0"
  dependencies:
    "@hapi/hoek" "^9.0.0"

"@sideway/formula@^3.0.0":
  "integrity" "sha512-vHe7wZ4NOXVfkoRb8T5otiENVlT7a3IAiw7H5M2+GO+9CDgcVUUsX1zalAztCmwyOr2RUTGJdgB+ZvSVqmdHmg=="
  "resolved" "https://registry.npmjs.org/@sideway/formula/-/formula-3.0.0.tgz"
  "version" "3.0.0"

"@sideway/pinpoint@^2.0.0":
  "integrity" "sha512-RNiOoTPkptFtSVzQevY/yWtZwf/RxyVnPy/OcA9HBM3MlGDnBEYL5B41H0MTn0Uec8Hi+2qUtTfG2WWZBmMejQ=="
  "resolved" "https://registry.npmjs.org/@sideway/pinpoint/-/pinpoint-2.0.0.tgz"
  "version" "2.0.0"

"@types/node@^14.14.14":
  "integrity" "sha512-UHnOPWVWV1z+VV8k6L1HhG7UbGBgIdghqF3l9Ny9ApPghbjICXkUJSd/b9gOgQfjM1r+37cipdw/HJ3F6ICEnQ=="
  "resolved" "https://registry.npmjs.org/@types/node/-/node-14.14.14.tgz"
  "version" "14.14.14"

"arg@^4.1.0":
  "integrity" "sha512-58S9QDqG0Xx27YwPSt9fJxivjYl432YCwfDMfZ+71RAqUrZef7LrKQZ3LHLOwCS4FLNBplP533Zx895SeOCHvA=="
  "resolved" "https://registry.npmjs.org/arg/-/arg-4.1.3.tgz"
  "version" "4.1.3"

"buffer-from@^1.0.0":
  "integrity" "sha512-MQcXEUbCKtEo7bhqEs6560Hyd4XaovZlO/k9V3hjVUF/zwW7KBVdSK4gIt/bzwS9MbR5qob+F5jusZsb0YQK2A=="
  "resolved" "https://registry.npmjs.org/buffer-from/-/buffer-from-1.1.1.tgz"
  "version" "1.1.1"

"create-require@^1.1.0":
  "integrity" "sha512-dcKFX3jn0MpIaXjisoRvexIJVEKzaq7z2rZKxf+MSr9TkdmHmsU4m2lcLojrj/FHl8mk5VxMmYA+ftRkP/3oKQ=="
  "resolved" "https://registry.npmjs.org/create-require/-/create-require-1.1.1.tgz"
  "version" "1.1.1"

"diff@^4.0.1":
  "integrity" "sha512-58lmxKSA4BNyLz+HHMUzlOEpg09FV+ev6ZMe3vJihgdxzgcwZ8VoEEPmALCZG9LmqfVoNMMKpttIYTVG6uDY7A=="
  "resolved" "https://registry.npmjs.org/diff/-/diff-4.0.2.tgz"
  "version" "4.0.2"

"joi-to-typescript@^1.12.0":
  "integrity" "sha512-XY1lrjHIs8KrZJJtHrP7T1ukN6Itvizd7RnNNATjdlK0M4C+MiMmsrrfePORATp1+qhsf4GeqvPnKKoozaR9Yg=="
  "resolved" "https://registry.npmjs.org/joi-to-typescript/-/joi-to-typescript-1.12.0.tgz"
  "version" "1.12.0"
  dependencies:
    "joi" "^17.3.0"

"joi@^17.3.0":
  "integrity" "sha512-Qh5gdU6niuYbUIUV5ejbsMiiFmBdw8Kcp8Buj2JntszCkCfxJ9Cz76OtHxOZMPXrt5810iDIXs+n1nNVoquHgg=="
  "resolved" "https://registry.npmjs.org/joi/-/joi-17.3.0.tgz"
  "version" "17.3.0"
  dependencies:
    "@hapi/hoek" "^9.0.0"
    "@hapi/topo" "^5.0.0"
    "@sideway/address" "^4.1.0"
    "@sideway/formula" "^3.0.0"
    "@sideway/pinpoint" "^2.0.0"

"make-error@^1.1.1":
  "integrity" "sha512-s8UhlNe7vPKomQhC1qFelMokr/Sc3AgNbso3n74mVPA5LTZwkB9NlXf4XPamLxJE8h0gh73rM94xvwRT2CVInw=="
  "resolved" "https://registry.npmjs.org/make-error/-/make-error-1.3.6.tgz"
  "version" "1.3.6"

"source-map-support@^0.5.17":
  "integrity" "sha512-Wonm7zOCIJzBGQdB+thsPar0kYuCIzYvxZwlBa87yi/Mdjv7Tip2cyVbLj5o0cFPN4EVkuTwb3GDDyUx2DGnGw=="
  "resolved" "https://registry.npmjs.org/source-map-support/-/source-map-support-0.5.19.tgz"
  "version" "0.5.19"
  dependencies:
    "buffer-from" "^1.0.0"
    "source-map" "^0.6.0"

"source-map@^0.6.0":
  "integrity" "sha512-UjgapumWlbMhkBgzT7Ykc5YXUT46F0iKu8SGXq0bcwP5dz/h0Plj6enJqjz1Zbq2l5WaqYnrVbwWOWMyF3F47g=="
  "resolved" "https://registry.npmjs.org/source-map/-/source-map-0.6.1.tgz"
  "version" "0.6.1"

"ts-node@^9.1.1":
  "integrity" "sha512-hPlt7ZACERQGf03M253ytLY3dHbGNGrAq9qIHWUY9XHYl1z7wYngSr3OQ5xmui8o2AaxsONxIzjafLUiWBo1Fg=="
  "resolved" "https://registry.npmjs.org/ts-node/-/ts-node-9.1.1.tgz"
  "version" "9.1.1"
  dependencies:
    "arg" "^4.1.0"
    "create-require" "^1.1.0"
    "diff" "^4.0.1"
    "make-error" "^1.1.1"
    "source-map-support" "^0.5.17"
    "yn" "3.1.1"

"typescript@^4.1.3", "typescript@>=2.7":
  "integrity" "sha512-B3ZIOf1IKeH2ixgHhj6la6xdwR9QrLC5d1VKeCSY4tvkqhF2eqd9O7txNlS0PO3GrBAFIdr3L1ndNwteUbZLYg=="
  "resolved" "https://registry.npmjs.org/typescript/-/typescript-4.1.3.tgz"
  "version" "4.1.3"

"yn@3.1.1":
  "integrity" "sha512-Ux4ygGWsu2c7isFWe8Yu1YluJmqVhxqK2cLXNQA5AcC3QfbGNpM7fu0Y8b/z16pXLnFxZYvWhd3fhBY9DLmC6Q=="
  "resolved" "https://registry.npmjs.org/yn/-/yn-3.1.1.tgz"
  "version" "3.1.1"
